// !$*UTF8*$!
{
	archiveVersion = 1;
	classes = {
	};
	objectVersion = 55;
	objects = {

/* Begin PBXBuildFile section */
		0B6F5F0F28B0F6A500EE7A17 /* Item+CoreDataClass.swift in Sources */ = {isa = PBXBuildFile; fileRef = 0B6F5F0D28B0F6A500EE7A17 /* Item+CoreDataClass.swift */; };
		0B6F5F1028B0F6A500EE7A17 /* Item+CoreDataProperties.swift in Sources */ = {isa = PBXBuildFile; fileRef = 0B6F5F0E28B0F6A500EE7A17 /* Item+CoreDataProperties.swift */; };
		0B6F5F1228B12C3200EE7A17 /* BreedListViewCD.swift in Sources */ = {isa = PBXBuildFile; fileRef = 0B6F5F1128B12C3200EE7A17 /* BreedListViewCD.swift */; };
		0B6F5F1428B12C6900EE7A17 /* BreedRowCD.swift in Sources */ = {isa = PBXBuildFile; fileRef = 0B6F5F1328B12C6900EE7A17 /* BreedRowCD.swift */; };
		0B86BAA1289ABBD500F3009E /* CatwikiApp.swift in Sources */ = {isa = PBXBuildFile; fileRef = 0B86BAA0289ABBD500F3009E /* CatwikiApp.swift */; };
		0B86BAA3289ABBD500F3009E /* ContentView.swift in Sources */ = {isa = PBXBuildFile; fileRef = 0B86BAA2289ABBD500F3009E /* ContentView.swift */; };
		0B86BAA5289ABBD800F3009E /* Assets.xcassets in Resources */ = {isa = PBXBuildFile; fileRef = 0B86BAA4289ABBD800F3009E /* Assets.xcassets */; };
		0B86BAA8289ABBD800F3009E /* Preview Assets.xcassets in Resources */ = {isa = PBXBuildFile; fileRef = 0B86BAA7289ABBD800F3009E /* Preview Assets.xcassets */; };
		0B86BAB2289ABBD800F3009E /* CatwikiTests.swift in Sources */ = {isa = PBXBuildFile; fileRef = 0B86BAB1289ABBD800F3009E /* CatwikiTests.swift */; };
		0B86BABC289ABBD800F3009E /* CatwikiUITests.swift in Sources */ = {isa = PBXBuildFile; fileRef = 0B86BABB289ABBD800F3009E /* CatwikiUITests.swift */; };
		0B86BABE289ABBD800F3009E /* CatwikiUITestsLaunchTests.swift in Sources */ = {isa = PBXBuildFile; fileRef = 0B86BABD289ABBD800F3009E /* CatwikiUITestsLaunchTests.swift */; };
		0B86BACE289ABCB500F3009E /* CatBreed.swift in Sources */ = {isa = PBXBuildFile; fileRef = 0B86BACD289ABCB500F3009E /* CatBreed.swift */; };
		0B86BAD0289ABDC200F3009E /* BreedImage.swift in Sources */ = {isa = PBXBuildFile; fileRef = 0B86BACF289ABDC200F3009E /* BreedImage.swift */; };
		0B86BAD2289ABE5D00F3009E /* BreedFetcher.swift in Sources */ = {isa = PBXBuildFile; fileRef = 0B86BAD1289ABE5D00F3009E /* BreedFetcher.swift */; };
		0B86BAD4289AC38C00F3009E /* BreedListView.swift in Sources */ = {isa = PBXBuildFile; fileRef = 0B86BAD3289AC38C00F3009E /* BreedListView.swift */; };
		0B86BAD6289AC3A200F3009E /* ErrorView.swift in Sources */ = {isa = PBXBuildFile; fileRef = 0B86BAD5289AC3A200F3009E /* ErrorView.swift */; };
		0B86BAD8289AC45D00F3009E /* LoadingView.swift in Sources */ = {isa = PBXBuildFile; fileRef = 0B86BAD7289AC45D00F3009E /* LoadingView.swift */; };
		0B86BADA289AC9C600F3009E /* NetworkError.swift in Sources */ = {isa = PBXBuildFile; fileRef = 0B86BAD9289AC9C600F3009E /* NetworkError.swift */; };
		0B86BADC289AD70400F3009E /* NetworkService.swift in Sources */ = {isa = PBXBuildFile; fileRef = 0B86BADB289AD70400F3009E /* NetworkService.swift */; };
		0B86BADE289BAB2D00F3009E /* BreedRow.swift in Sources */ = {isa = PBXBuildFile; fileRef = 0B86BADD289BAB2D00F3009E /* BreedRow.swift */; };
		0B86BAE0289BABB300F3009E /* BreedDetailView.swift in Sources */ = {isa = PBXBuildFile; fileRef = 0B86BADF289BABB300F3009E /* BreedDetailView.swift */; };
		0B86BAE3289BDB8000F3009E /* ButtonStyle.swift in Sources */ = {isa = PBXBuildFile; fileRef = 0B86BAE2289BDB8000F3009E /* ButtonStyle.swift */; };
		0B86BAE5289C249200F3009E /* NetworkMockService.swift in Sources */ = {isa = PBXBuildFile; fileRef = 0B86BAE4289C249200F3009E /* NetworkMockService.swift */; };
		0B86BAE7289C24E700F3009E /* NetworkServiceProtocol.swift in Sources */ = {isa = PBXBuildFile; fileRef = 0B86BAE6289C24E700F3009E /* NetworkServiceProtocol.swift */; };
		0B86BAEC289CEB1B00F3009E /* BreedGreedView.swift in Sources */ = {isa = PBXBuildFile; fileRef = 0B86BAEB289CEB1A00F3009E /* BreedGreedView.swift */; };
		0B86BAEE289CEB4600F3009E /* BreedCard.swift in Sources */ = {isa = PBXBuildFile; fileRef = 0B86BAED289CEB4600F3009E /* BreedCard.swift */; };
		0B86BAF6289D0EC000F3009E /* FavManager.swift in Sources */ = {isa = PBXBuildFile; fileRef = 0B86BAF5289D0EC000F3009E /* FavManager.swift */; };
		0B86BAFD289D7C5A00F3009E /* Fav.xcdatamodeld in Sources */ = {isa = PBXBuildFile; fileRef = 0B86BAFB289D7C5A00F3009E /* Fav.xcdatamodeld */; };
		0B86BAFF289D875100F3009E /* Favorite.swift in Sources */ = {isa = PBXBuildFile; fileRef = 0B86BAFE289D875100F3009E /* Favorite.swift */; };
		0BC824D628AD1A980016AB4B /* SavedBreeds.swift in Sources */ = {isa = PBXBuildFile; fileRef = 0BC824D528AD1A980016AB4B /* SavedBreeds.swift */; };
		0BC824F728B036A90016AB4B /* Persistence.swift in Sources */ = {isa = PBXBuildFile; fileRef = 0BC824F628B036A90016AB4B /* Persistence.swift */; };
		0BC824FB28B0F20C0016AB4B /* CoreDataManager.swift in Sources */ = {isa = PBXBuildFile; fileRef = 0BC824FA28B0F20C0016AB4B /* CoreDataManager.swift */; };
		0BCFF74D28B8D97F00F4F5CA /* DataManager.swift in Sources */ = {isa = PBXBuildFile; fileRef = 0BCFF74C28B8D97F00F4F5CA /* DataManager.swift */; };
		0BCFF74F28B8E22B00F4F5CA /* Time.swift in Sources */ = {isa = PBXBuildFile; fileRef = 0BCFF74E28B8E22B00F4F5CA /* Time.swift */; };
		0BCFF75128B8E64300F4F5CA /* BreedDetailViewCD.swift in Sources */ = {isa = PBXBuildFile; fileRef = 0BCFF75028B8E64300F4F5CA /* BreedDetailViewCD.swift */; };
/* End PBXBuildFile section */

/* Begin PBXContainerItemProxy section */
		0B86BAAE289ABBD800F3009E /* PBXContainerItemProxy */ = {
			isa = PBXContainerItemProxy;
			containerPortal = 0B86BA95289ABBD500F3009E /* Project object */;
			proxyType = 1;
			remoteGlobalIDString = 0B86BA9C289ABBD500F3009E;
			remoteInfo = Catwiki;
		};
		0B86BAB8289ABBD800F3009E /* PBXContainerItemProxy */ = {
			isa = PBXContainerItemProxy;
			containerPortal = 0B86BA95289ABBD500F3009E /* Project object */;
			proxyType = 1;
			remoteGlobalIDString = 0B86BA9C289ABBD500F3009E;
			remoteInfo = Catwiki;
		};
/* End PBXContainerItemProxy section */

/* Begin PBXFileReference section */
		0B6F5F0D28B0F6A500EE7A17 /* Item+CoreDataClass.swift */ = {isa = PBXFileReference; lastKnownFileType = sourcecode.swift; path = "Item+CoreDataClass.swift"; sourceTree = "<group>"; };
		0B6F5F0E28B0F6A500EE7A17 /* Item+CoreDataProperties.swift */ = {isa = PBXFileReference; lastKnownFileType = sourcecode.swift; path = "Item+CoreDataProperties.swift"; sourceTree = "<group>"; };
		0B6F5F1128B12C3200EE7A17 /* BreedListViewCD.swift */ = {isa = PBXFileReference; lastKnownFileType = sourcecode.swift; path = BreedListViewCD.swift; sourceTree = "<group>"; };
		0B6F5F1328B12C6900EE7A17 /* BreedRowCD.swift */ = {isa = PBXFileReference; lastKnownFileType = sourcecode.swift; path = BreedRowCD.swift; sourceTree = "<group>"; };
		0B86BA9D289ABBD500F3009E /* Catwiki.app */ = {isa = PBXFileReference; explicitFileType = wrapper.application; includeInIndex = 0; path = Catwiki.app; sourceTree = BUILT_PRODUCTS_DIR; };
		0B86BAA0289ABBD500F3009E /* CatwikiApp.swift */ = {isa = PBXFileReference; lastKnownFileType = sourcecode.swift; path = CatwikiApp.swift; sourceTree = "<group>"; };
		0B86BAA2289ABBD500F3009E /* ContentView.swift */ = {isa = PBXFileReference; lastKnownFileType = sourcecode.swift; path = ContentView.swift; sourceTree = "<group>"; };
		0B86BAA4289ABBD800F3009E /* Assets.xcassets */ = {isa = PBXFileReference; lastKnownFileType = folder.assetcatalog; path = Assets.xcassets; sourceTree = "<group>"; };
		0B86BAA7289ABBD800F3009E /* Preview Assets.xcassets */ = {isa = PBXFileReference; lastKnownFileType = folder.assetcatalog; path = "Preview Assets.xcassets"; sourceTree = "<group>"; };
		0B86BAAD289ABBD800F3009E /* CatwikiTests.xctest */ = {isa = PBXFileReference; explicitFileType = wrapper.cfbundle; includeInIndex = 0; path = CatwikiTests.xctest; sourceTree = BUILT_PRODUCTS_DIR; };
		0B86BAB1289ABBD800F3009E /* CatwikiTests.swift */ = {isa = PBXFileReference; lastKnownFileType = sourcecode.swift; path = CatwikiTests.swift; sourceTree = "<group>"; };
		0B86BAB7289ABBD800F3009E /* CatwikiUITests.xctest */ = {isa = PBXFileReference; explicitFileType = wrapper.cfbundle; includeInIndex = 0; path = CatwikiUITests.xctest; sourceTree = BUILT_PRODUCTS_DIR; };
		0B86BABB289ABBD800F3009E /* CatwikiUITests.swift */ = {isa = PBXFileReference; lastKnownFileType = sourcecode.swift; path = CatwikiUITests.swift; sourceTree = "<group>"; };
		0B86BABD289ABBD800F3009E /* CatwikiUITestsLaunchTests.swift */ = {isa = PBXFileReference; lastKnownFileType = sourcecode.swift; path = CatwikiUITestsLaunchTests.swift; sourceTree = "<group>"; };
		0B86BACD289ABCB500F3009E /* CatBreed.swift */ = {isa = PBXFileReference; lastKnownFileType = sourcecode.swift; path = CatBreed.swift; sourceTree = "<group>"; };
		0B86BACF289ABDC200F3009E /* BreedImage.swift */ = {isa = PBXFileReference; lastKnownFileType = sourcecode.swift; path = BreedImage.swift; sourceTree = "<group>"; };
		0B86BAD1289ABE5D00F3009E /* BreedFetcher.swift */ = {isa = PBXFileReference; lastKnownFileType = sourcecode.swift; path = BreedFetcher.swift; sourceTree = "<group>"; };
		0B86BAD3289AC38C00F3009E /* BreedListView.swift */ = {isa = PBXFileReference; lastKnownFileType = sourcecode.swift; path = BreedListView.swift; sourceTree = "<group>"; };
		0B86BAD5289AC3A200F3009E /* ErrorView.swift */ = {isa = PBXFileReference; lastKnownFileType = sourcecode.swift; path = ErrorView.swift; sourceTree = "<group>"; };
		0B86BAD7289AC45D00F3009E /* LoadingView.swift */ = {isa = PBXFileReference; lastKnownFileType = sourcecode.swift; path = LoadingView.swift; sourceTree = "<group>"; };
		0B86BAD9289AC9C600F3009E /* NetworkError.swift */ = {isa = PBXFileReference; lastKnownFileType = sourcecode.swift; path = NetworkError.swift; sourceTree = "<group>"; };
		0B86BADB289AD70400F3009E /* NetworkService.swift */ = {isa = PBXFileReference; lastKnownFileType = sourcecode.swift; path = NetworkService.swift; sourceTree = "<group>"; };
		0B86BADD289BAB2D00F3009E /* BreedRow.swift */ = {isa = PBXFileReference; lastKnownFileType = sourcecode.swift; path = BreedRow.swift; sourceTree = "<group>"; };
		0B86BADF289BABB300F3009E /* BreedDetailView.swift */ = {isa = PBXFileReference; lastKnownFileType = sourcecode.swift; path = BreedDetailView.swift; sourceTree = "<group>"; };
		0B86BAE2289BDB8000F3009E /* ButtonStyle.swift */ = {isa = PBXFileReference; lastKnownFileType = sourcecode.swift; path = ButtonStyle.swift; sourceTree = "<group>"; };
		0B86BAE4289C249200F3009E /* NetworkMockService.swift */ = {isa = PBXFileReference; lastKnownFileType = sourcecode.swift; path = NetworkMockService.swift; sourceTree = "<group>"; };
		0B86BAE6289C24E700F3009E /* NetworkServiceProtocol.swift */ = {isa = PBXFileReference; lastKnownFileType = sourcecode.swift; path = NetworkServiceProtocol.swift; sourceTree = "<group>"; };
		0B86BAEB289CEB1A00F3009E /* BreedGreedView.swift */ = {isa = PBXFileReference; lastKnownFileType = sourcecode.swift; path = BreedGreedView.swift; sourceTree = "<group>"; };
		0B86BAED289CEB4600F3009E /* BreedCard.swift */ = {isa = PBXFileReference; lastKnownFileType = sourcecode.swift; path = BreedCard.swift; sourceTree = "<group>"; };
		0B86BAF5289D0EC000F3009E /* FavManager.swift */ = {isa = PBXFileReference; lastKnownFileType = sourcecode.swift; path = FavManager.swift; sourceTree = "<group>"; };
		0B86BAFC289D7C5A00F3009E /* Fav.xcdatamodel */ = {isa = PBXFileReference; lastKnownFileType = wrapper.xcdatamodel; path = Fav.xcdatamodel; sourceTree = "<group>"; };
		0B86BAFE289D875100F3009E /* Favorite.swift */ = {isa = PBXFileReference; lastKnownFileType = sourcecode.swift; path = Favorite.swift; sourceTree = "<group>"; };
		0BC824D528AD1A980016AB4B /* SavedBreeds.swift */ = {isa = PBXFileReference; lastKnownFileType = sourcecode.swift; path = SavedBreeds.swift; sourceTree = "<group>"; };
		0BC824F628B036A90016AB4B /* Persistence.swift */ = {isa = PBXFileReference; lastKnownFileType = sourcecode.swift; path = Persistence.swift; sourceTree = "<group>"; };
		0BC824FA28B0F20C0016AB4B /* CoreDataManager.swift */ = {isa = PBXFileReference; lastKnownFileType = sourcecode.swift; path = CoreDataManager.swift; sourceTree = "<group>"; };
		0BCFF74C28B8D97F00F4F5CA /* DataManager.swift */ = {isa = PBXFileReference; lastKnownFileType = sourcecode.swift; path = DataManager.swift; sourceTree = "<group>"; };
		0BCFF74E28B8E22B00F4F5CA /* Time.swift */ = {isa = PBXFileReference; lastKnownFileType = sourcecode.swift; path = Time.swift; sourceTree = "<group>"; };
		0BCFF75028B8E64300F4F5CA /* BreedDetailViewCD.swift */ = {isa = PBXFileReference; lastKnownFileType = sourcecode.swift; path = BreedDetailViewCD.swift; sourceTree = "<group>"; };
/* End PBXFileReference section */

/* Begin PBXFrameworksBuildPhase section */
		0B86BA9A289ABBD500F3009E /* Frameworks */ = {
			isa = PBXFrameworksBuildPhase;
			buildActionMask = 2147483647;
			files = (
			);
			runOnlyForDeploymentPostprocessing = 0;
		};
		0B86BAAA289ABBD800F3009E /* Frameworks */ = {
			isa = PBXFrameworksBuildPhase;
			buildActionMask = 2147483647;
			files = (
			);
			runOnlyForDeploymentPostprocessing = 0;
		};
		0B86BAB4289ABBD800F3009E /* Frameworks */ = {
			isa = PBXFrameworksBuildPhase;
			buildActionMask = 2147483647;
			files = (
			);
			runOnlyForDeploymentPostprocessing = 0;
		};
/* End PBXFrameworksBuildPhase section */

/* Begin PBXGroup section */
		0B86BA94289ABBD500F3009E = {
			isa = PBXGroup;
			children = (
				0B6F5F0D28B0F6A500EE7A17 /* Item+CoreDataClass.swift */,
				0B6F5F0E28B0F6A500EE7A17 /* Item+CoreDataProperties.swift */,
				0B86BA9F289ABBD500F3009E /* Catwiki */,
				0B86BAB0289ABBD800F3009E /* CatwikiTests */,
				0B86BABA289ABBD800F3009E /* CatwikiUITests */,
				0B86BA9E289ABBD500F3009E /* Products */,
			);
			sourceTree = "<group>";
		};
		0B86BA9E289ABBD500F3009E /* Products */ = {
			isa = PBXGroup;
			children = (
				0B86BA9D289ABBD500F3009E /* Catwiki.app */,
				0B86BAAD289ABBD800F3009E /* CatwikiTests.xctest */,
				0B86BAB7289ABBD800F3009E /* CatwikiUITests.xctest */,
			);
			name = Products;
			sourceTree = "<group>";
		};
		0B86BA9F289ABBD500F3009E /* Catwiki */ = {
			isa = PBXGroup;
			children = (
				0B86BAA0289ABBD500F3009E /* CatwikiApp.swift */,
				0B86BAA2289ABBD500F3009E /* ContentView.swift */,
				0B86BACC289ABC7800F3009E /* ViewModel */,
				0B86BACB289ABC7100F3009E /* Model */,
				0B86BACA289ABC6800F3009E /* View */,
				0B86BAE1289BDB5B00F3009E /* Helpers */,
				0B86BAA4289ABBD800F3009E /* Assets.xcassets */,
				0B86BAA6289ABBD800F3009E /* Preview Content */,
			);
			path = Catwiki;
			sourceTree = "<group>";
		};
		0B86BAA6289ABBD800F3009E /* Preview Content */ = {
			isa = PBXGroup;
			children = (
				0B86BAA7289ABBD800F3009E /* Preview Assets.xcassets */,
			);
			path = "Preview Content";
			sourceTree = "<group>";
		};
		0B86BAB0289ABBD800F3009E /* CatwikiTests */ = {
			isa = PBXGroup;
			children = (
				0B86BAB1289ABBD800F3009E /* CatwikiTests.swift */,
			);
			path = CatwikiTests;
			sourceTree = "<group>";
		};
		0B86BABA289ABBD800F3009E /* CatwikiUITests */ = {
			isa = PBXGroup;
			children = (
				0B86BABB289ABBD800F3009E /* CatwikiUITests.swift */,
				0B86BABD289ABBD800F3009E /* CatwikiUITestsLaunchTests.swift */,
			);
			path = CatwikiUITests;
			sourceTree = "<group>";
		};
		0B86BACA289ABC6800F3009E /* View */ = {
			isa = PBXGroup;
			children = (
				0B86BAEB289CEB1A00F3009E /* BreedGreedView.swift */,
				0B86BAD3289AC38C00F3009E /* BreedListView.swift */,
				0B6F5F1128B12C3200EE7A17 /* BreedListViewCD.swift */,
				0B6F5F1328B12C6900EE7A17 /* BreedRowCD.swift */,
				0BCFF75028B8E64300F4F5CA /* BreedDetailViewCD.swift */,
				0B86BAD5289AC3A200F3009E /* ErrorView.swift */,
				0B86BAD7289AC45D00F3009E /* LoadingView.swift */,
				0B86BADD289BAB2D00F3009E /* BreedRow.swift */,
				0B86BAED289CEB4600F3009E /* BreedCard.swift */,
				0B86BADF289BABB300F3009E /* BreedDetailView.swift */,
			);
			path = View;
			sourceTree = "<group>";
		};
		0B86BACB289ABC7100F3009E /* Model */ = {
			isa = PBXGroup;
			children = (
				0B86BACD289ABCB500F3009E /* CatBreed.swift */,
				0B86BACF289ABDC200F3009E /* BreedImage.swift */,
				0B86BAFB289D7C5A00F3009E /* Fav.xcdatamodeld */,
			);
			path = Model;
			sourceTree = "<group>";
		};
		0B86BACC289ABC7800F3009E /* ViewModel */ = {
			isa = PBXGroup;
			children = (
				0B86BAD1289ABE5D00F3009E /* BreedFetcher.swift */,
				0B86BAD9289AC9C600F3009E /* NetworkError.swift */,
				0B86BADB289AD70400F3009E /* NetworkService.swift */,
				0B86BAE4289C249200F3009E /* NetworkMockService.swift */,
				0B86BAE6289C24E700F3009E /* NetworkServiceProtocol.swift */,
				0B86BAF5289D0EC000F3009E /* FavManager.swift */,
				0BC824FA28B0F20C0016AB4B /* CoreDataManager.swift */,
			);
			path = ViewModel;
			sourceTree = "<group>";
		};
		0B86BAE1289BDB5B00F3009E /* Helpers */ = {
			isa = PBXGroup;
			children = (
				0B86BAE2289BDB8000F3009E /* ButtonStyle.swift */,
				0BC824D528AD1A980016AB4B /* SavedBreeds.swift */,
				0B86BAFE289D875100F3009E /* Favorite.swift */,
				0BC824F628B036A90016AB4B /* Persistence.swift */,
				0BCFF74C28B8D97F00F4F5CA /* DataManager.swift */,
				0BCFF74E28B8E22B00F4F5CA /* Time.swift */,
			);
			path = Helpers;
			sourceTree = "<group>";
		};
/* End PBXGroup section */

/* Begin PBXNativeTarget section */
		0B86BA9C289ABBD500F3009E /* Catwiki */ = {
			isa = PBXNativeTarget;
			buildConfigurationList = 0B86BAC1289ABBD800F3009E /* Build configuration list for PBXNativeTarget "Catwiki" */;
			buildPhases = (
				0B86BA99289ABBD500F3009E /* Sources */,
				0B86BA9A289ABBD500F3009E /* Frameworks */,
				0B86BA9B289ABBD500F3009E /* Resources */,
			);
			buildRules = (
			);
			dependencies = (
			);
			name = Catwiki;
			productName = Catwiki;
			productReference = 0B86BA9D289ABBD500F3009E /* Catwiki.app */;
			productType = "com.apple.product-type.application";
		};
		0B86BAAC289ABBD800F3009E /* CatwikiTests */ = {
			isa = PBXNativeTarget;
			buildConfigurationList = 0B86BAC4289ABBD800F3009E /* Build configuration list for PBXNativeTarget "CatwikiTests" */;
			buildPhases = (
				0B86BAA9289ABBD800F3009E /* Sources */,
				0B86BAAA289ABBD800F3009E /* Frameworks */,
				0B86BAAB289ABBD800F3009E /* Resources */,
			);
			buildRules = (
			);
			dependencies = (
				0B86BAAF289ABBD800F3009E /* PBXTargetDependency */,
			);
			name = CatwikiTests;
			productName = CatwikiTests;
			productReference = 0B86BAAD289ABBD800F3009E /* CatwikiTests.xctest */;
			productType = "com.apple.product-type.bundle.unit-test";
		};
		0B86BAB6289ABBD800F3009E /* CatwikiUITests */ = {
			isa = PBXNativeTarget;
			buildConfigurationList = 0B86BAC7289ABBD800F3009E /* Build configuration list for PBXNativeTarget "CatwikiUITests" */;
			buildPhases = (
				0B86BAB3289ABBD800F3009E /* Sources */,
				0B86BAB4289ABBD800F3009E /* Frameworks */,
				0B86BAB5289ABBD800F3009E /* Resources */,
			);
			buildRules = (
			);
			dependencies = (
				0B86BAB9289ABBD800F3009E /* PBXTargetDependency */,
			);
			name = CatwikiUITests;
			productName = CatwikiUITests;
			productReference = 0B86BAB7289ABBD800F3009E /* CatwikiUITests.xctest */;
			productType = "com.apple.product-type.bundle.ui-testing";
		};
/* End PBXNativeTarget section */

/* Begin PBXProject section */
		0B86BA95289ABBD500F3009E /* Project object */ = {
			isa = PBXProject;
			attributes = {
				BuildIndependentTargetsInParallel = 1;
				LastSwiftUpdateCheck = 1340;
				LastUpgradeCheck = 1340;
				TargetAttributes = {
					0B86BA9C289ABBD500F3009E = {
						CreatedOnToolsVersion = 13.4;
					};
					0B86BAAC289ABBD800F3009E = {
						CreatedOnToolsVersion = 13.4;
						TestTargetID = 0B86BA9C289ABBD500F3009E;
					};
					0B86BAB6289ABBD800F3009E = {
						CreatedOnToolsVersion = 13.4;
						TestTargetID = 0B86BA9C289ABBD500F3009E;
					};
				};
			};
			buildConfigurationList = 0B86BA98289ABBD500F3009E /* Build configuration list for PBXProject "Catwiki" */;
			compatibilityVersion = "Xcode 13.0";
			developmentRegion = en;
			hasScannedForEncodings = 0;
			knownRegions = (
				en,
				Base,
			);
			mainGroup = 0B86BA94289ABBD500F3009E;
			productRefGroup = 0B86BA9E289ABBD500F3009E /* Products */;
			projectDirPath = "";
			projectRoot = "";
			targets = (
				0B86BA9C289ABBD500F3009E /* Catwiki */,
				0B86BAAC289ABBD800F3009E /* CatwikiTests */,
				0B86BAB6289ABBD800F3009E /* CatwikiUITests */,
			);
		};
/* End PBXProject section */

/* Begin PBXResourcesBuildPhase section */
		0B86BA9B289ABBD500F3009E /* Resources */ = {
			isa = PBXResourcesBuildPhase;
			buildActionMask = 2147483647;
			files = (
				0B86BAA8289ABBD800F3009E /* Preview Assets.xcassets in Resources */,
				0B86BAA5289ABBD800F3009E /* Assets.xcassets in Resources */,
			);
			runOnlyForDeploymentPostprocessing = 0;
		};
		0B86BAAB289ABBD800F3009E /* Resources */ = {
			isa = PBXResourcesBuildPhase;
			buildActionMask = 2147483647;
			files = (
			);
			runOnlyForDeploymentPostprocessing = 0;
		};
		0B86BAB5289ABBD800F3009E /* Resources */ = {
			isa = PBXResourcesBuildPhase;
			buildActionMask = 2147483647;
			files = (
			);
			runOnlyForDeploymentPostprocessing = 0;
		};
/* End PBXResourcesBuildPhase section */

/* Begin PBXSourcesBuildPhase section */
		0B86BA99289ABBD500F3009E /* Sources */ = {
			isa = PBXSourcesBuildPhase;
			buildActionMask = 2147483647;
			files = (
				0B6F5F1228B12C3200EE7A17 /* BreedListViewCD.swift in Sources */,
				0B86BAE3289BDB8000F3009E /* ButtonStyle.swift in Sources */,
				0B86BADC289AD70400F3009E /* NetworkService.swift in Sources */,
				0B86BAE5289C249200F3009E /* NetworkMockService.swift in Sources */,
				0B86BAEC289CEB1B00F3009E /* BreedGreedView.swift in Sources */,
				0BC824FB28B0F20C0016AB4B /* CoreDataManager.swift in Sources */,
				0BC824D628AD1A980016AB4B /* SavedBreeds.swift in Sources */,
				0B86BAD0289ABDC200F3009E /* BreedImage.swift in Sources */,
				0B86BADE289BAB2D00F3009E /* BreedRow.swift in Sources */,
				0B6F5F1428B12C6900EE7A17 /* BreedRowCD.swift in Sources */,
				0B86BAF6289D0EC000F3009E /* FavManager.swift in Sources */,
				0BCFF75128B8E64300F4F5CA /* BreedDetailViewCD.swift in Sources */,
				0B86BACE289ABCB500F3009E /* CatBreed.swift in Sources */,
				0B86BAFD289D7C5A00F3009E /* Fav.xcdatamodeld in Sources */,
				0B86BAE0289BABB300F3009E /* BreedDetailView.swift in Sources */,
				0BC824F728B036A90016AB4B /* Persistence.swift in Sources */,
				0B86BAA3289ABBD500F3009E /* ContentView.swift in Sources */,
				0BCFF74F28B8E22B00F4F5CA /* Time.swift in Sources */,
				0B86BAEE289CEB4600F3009E /* BreedCard.swift in Sources */,
				0BCFF74D28B8D97F00F4F5CA /* DataManager.swift in Sources */,
				0B86BAD2289ABE5D00F3009E /* BreedFetcher.swift in Sources */,
				0B86BAFF289D875100F3009E /* Favorite.swift in Sources */,
				0B6F5F1028B0F6A500EE7A17 /* Item+CoreDataProperties.swift in Sources */,
				0B86BAD6289AC3A200F3009E /* ErrorView.swift in Sources */,
				0B86BAD8289AC45D00F3009E /* LoadingView.swift in Sources */,
				0B6F5F0F28B0F6A500EE7A17 /* Item+CoreDataClass.swift in Sources */,
				0B86BADA289AC9C600F3009E /* NetworkError.swift in Sources */,
				0B86BAA1289ABBD500F3009E /* CatwikiApp.swift in Sources */,
				0B86BAD4289AC38C00F3009E /* BreedListView.swift in Sources */,
				0B86BAE7289C24E700F3009E /* NetworkServiceProtocol.swift in Sources */,
			);
			runOnlyForDeploymentPostprocessing = 0;
		};
		0B86BAA9289ABBD800F3009E /* Sources */ = {
			isa = PBXSourcesBuildPhase;
			buildActionMask = 2147483647;
			files = (
				0B86BAB2289ABBD800F3009E /* CatwikiTests.swift in Sources */,
			);
			runOnlyForDeploymentPostprocessing = 0;
		};
		0B86BAB3289ABBD800F3009E /* Sources */ = {
			isa = PBXSourcesBuildPhase;
			buildActionMask = 2147483647;
			files = (
				0B86BABC289ABBD800F3009E /* CatwikiUITests.swift in Sources */,
				0B86BABE289ABBD800F3009E /* CatwikiUITestsLaunchTests.swift in Sources */,
			);
			runOnlyForDeploymentPostprocessing = 0;
		};
/* End PBXSourcesBuildPhase section */

/* Begin PBXTargetDependency section */
		0B86BAAF289ABBD800F3009E /* PBXTargetDependency */ = {
			isa = PBXTargetDependency;
			target = 0B86BA9C289ABBD500F3009E /* Catwiki */;
			targetProxy = 0B86BAAE289ABBD800F3009E /* PBXContainerItemProxy */;
		};
		0B86BAB9289ABBD800F3009E /* PBXTargetDependency */ = {
			isa = PBXTargetDependency;
			target = 0B86BA9C289ABBD500F3009E /* Catwiki */;
			targetProxy = 0B86BAB8289ABBD800F3009E /* PBXContainerItemProxy */;
		};
/* End PBXTargetDependency section */

/* Begin XCBuildConfiguration section */
		0B86BABF289ABBD800F3009E /* Debug */ = {
			isa = XCBuildConfiguration;
			buildSettings = {
				ALWAYS_SEARCH_USER_PATHS = NO;
				CLANG_ANALYZER_NONNULL = YES;
				CLANG_ANALYZER_NUMBER_OBJECT_CONVERSION = YES_AGGRESSIVE;
				CLANG_CXX_LANGUAGE_STANDARD = "gnu++17";
				CLANG_ENABLE_MODULES = YES;
				CLANG_ENABLE_OBJC_ARC = YES;
				CLANG_ENABLE_OBJC_WEAK = YES;
				CLANG_WARN_BLOCK_CAPTURE_AUTORELEASING = YES;
				CLANG_WARN_BOOL_CONVERSION = YES;
				CLANG_WARN_COMMA = YES;
				CLANG_WARN_CONSTANT_CONVERSION = YES;
				CLANG_WARN_DEPRECATED_OBJC_IMPLEMENTATIONS = YES;
				CLANG_WARN_DIRECT_OBJC_ISA_USAGE = YES_ERROR;
				CLANG_WARN_DOCUMENTATION_COMMENTS = YES;
				CLANG_WARN_EMPTY_BODY = YES;
				CLANG_WARN_ENUM_CONVERSION = YES;
				CLANG_WARN_INFINITE_RECURSION = YES;
				CLANG_WARN_INT_CONVERSION = YES;
				CLANG_WARN_NON_LITERAL_NULL_CONVERSION = YES;
				CLANG_WARN_OBJC_IMPLICIT_RETAIN_SELF = YES;
				CLANG_WARN_OBJC_LITERAL_CONVERSION = YES;
				CLANG_WARN_OBJC_ROOT_CLASS = YES_ERROR;
				CLANG_WARN_QUOTED_INCLUDE_IN_FRAMEWORK_HEADER = YES;
				CLANG_WARN_RANGE_LOOP_ANALYSIS = YES;
				CLANG_WARN_STRICT_PROTOTYPES = YES;
				CLANG_WARN_SUSPICIOUS_MOVE = YES;
				CLANG_WARN_UNGUARDED_AVAILABILITY = YES_AGGRESSIVE;
				CLANG_WARN_UNREACHABLE_CODE = YES;
				CLANG_WARN__DUPLICATE_METHOD_MATCH = YES;
				COPY_PHASE_STRIP = NO;
				DEBUG_INFORMATION_FORMAT = dwarf;
				ENABLE_STRICT_OBJC_MSGSEND = YES;
				ENABLE_TESTABILITY = YES;
				GCC_C_LANGUAGE_STANDARD = gnu11;
				GCC_DYNAMIC_NO_PIC = NO;
				GCC_NO_COMMON_BLOCKS = YES;
				GCC_OPTIMIZATION_LEVEL = 0;
				GCC_PREPROCESSOR_DEFINITIONS = (
					"DEBUG=1",
					"$(inherited)",
				);
				GCC_WARN_64_TO_32_BIT_CONVERSION = YES;
				GCC_WARN_ABOUT_RETURN_TYPE = YES_ERROR;
				GCC_WARN_UNDECLARED_SELECTOR = YES;
				GCC_WARN_UNINITIALIZED_AUTOS = YES_AGGRESSIVE;
				GCC_WARN_UNUSED_FUNCTION = YES;
				GCC_WARN_UNUSED_VARIABLE = YES;
				IPHONEOS_DEPLOYMENT_TARGET = 15.5;
				MTL_ENABLE_DEBUG_INFO = INCLUDE_SOURCE;
				MTL_FAST_MATH = YES;
				ONLY_ACTIVE_ARCH = YES;
				SDKROOT = iphoneos;
				SWIFT_ACTIVE_COMPILATION_CONDITIONS = DEBUG;
				SWIFT_OPTIMIZATION_LEVEL = "-Onone";
			};
			name = Debug;
		};
		0B86BAC0289ABBD800F3009E /* Release */ = {
			isa = XCBuildConfiguration;
			buildSettings = {
				ALWAYS_SEARCH_USER_PATHS = NO;
				CLANG_ANALYZER_NONNULL = YES;
				CLANG_ANALYZER_NUMBER_OBJECT_CONVERSION = YES_AGGRESSIVE;
				CLANG_CXX_LANGUAGE_STANDARD = "gnu++17";
				CLANG_ENABLE_MODULES = YES;
				CLANG_ENABLE_OBJC_ARC = YES;
				CLANG_ENABLE_OBJC_WEAK = YES;
				CLANG_WARN_BLOCK_CAPTURE_AUTORELEASING = YES;
				CLANG_WARN_BOOL_CONVERSION = YES;
				CLANG_WARN_COMMA = YES;
				CLANG_WARN_CONSTANT_CONVERSION = YES;
				CLANG_WARN_DEPRECATED_OBJC_IMPLEMENTATIONS = YES;
				CLANG_WARN_DIRECT_OBJC_ISA_USAGE = YES_ERROR;
				CLANG_WARN_DOCUMENTATION_COMMENTS = YES;
				CLANG_WARN_EMPTY_BODY = YES;
				CLANG_WARN_ENUM_CONVERSION = YES;
				CLANG_WARN_INFINITE_RECURSION = YES;
				CLANG_WARN_INT_CONVERSION = YES;
				CLANG_WARN_NON_LITERAL_NULL_CONVERSION = YES;
				CLANG_WARN_OBJC_IMPLICIT_RETAIN_SELF = YES;
				CLANG_WARN_OBJC_LITERAL_CONVERSION = YES;
				CLANG_WARN_OBJC_ROOT_CLASS = YES_ERROR;
				CLANG_WARN_QUOTED_INCLUDE_IN_FRAMEWORK_HEADER = YES;
				CLANG_WARN_RANGE_LOOP_ANALYSIS = YES;
				CLANG_WARN_STRICT_PROTOTYPES = YES;
				CLANG_WARN_SUSPICIOUS_MOVE = YES;
				CLANG_WARN_UNGUARDED_AVAILABILITY = YES_AGGRESSIVE;
				CLANG_WARN_UNREACHABLE_CODE = YES;
				CLANG_WARN__DUPLICATE_METHOD_MATCH = YES;
				COPY_PHASE_STRIP = NO;
				DEBUG_INFORMATION_FORMAT = "dwarf-with-dsym";
				ENABLE_NS_ASSERTIONS = NO;
				ENABLE_STRICT_OBJC_MSGSEND = YES;
				GCC_C_LANGUAGE_STANDARD = gnu11;
				GCC_NO_COMMON_BLOCKS = YES;
				GCC_WARN_64_TO_32_BIT_CONVERSION = YES;
				GCC_WARN_ABOUT_RETURN_TYPE = YES_ERROR;
				GCC_WARN_UNDECLARED_SELECTOR = YES;
				GCC_WARN_UNINITIALIZED_AUTOS = YES_AGGRESSIVE;
				GCC_WARN_UNUSED_FUNCTION = YES;
				GCC_WARN_UNUSED_VARIABLE = YES;
				IPHONEOS_DEPLOYMENT_TARGET = 15.5;
				MTL_ENABLE_DEBUG_INFO = NO;
				MTL_FAST_MATH = YES;
				SDKROOT = iphoneos;
				SWIFT_COMPILATION_MODE = wholemodule;
				SWIFT_OPTIMIZATION_LEVEL = "-O";
				VALIDATE_PRODUCT = YES;
			};
			name = Release;
		};
		0B86BAC2289ABBD800F3009E /* Debug */ = {
			isa = XCBuildConfiguration;
			buildSettings = {
				ASSETCATALOG_COMPILER_APPICON_NAME = AppIcon;
				ASSETCATALOG_COMPILER_GLOBAL_ACCENT_COLOR_NAME = AccentColor;
				CODE_SIGN_STYLE = Automatic;
				CURRENT_PROJECT_VERSION = 1;
				DEVELOPMENT_ASSET_PATHS = "\"Catwiki/Preview Content\"";
				DEVELOPMENT_TEAM = 327B2F3V2J;
				ENABLE_PREVIEWS = YES;
				GENERATE_INFOPLIST_FILE = YES;
				INFOPLIST_KEY_UIApplicationSceneManifest_Generation = YES;
				INFOPLIST_KEY_UIApplicationSupportsIndirectInputEvents = YES;
				INFOPLIST_KEY_UILaunchScreen_Generation = YES;
				INFOPLIST_KEY_UISupportedInterfaceOrientations_iPad = "UIInterfaceOrientationPortrait UIInterfaceOrientationPortraitUpsideDown UIInterfaceOrientationLandscapeLeft UIInterfaceOrientationLandscapeRight";
				INFOPLIST_KEY_UISupportedInterfaceOrientations_iPhone = "UIInterfaceOrientationPortrait UIInterfaceOrientationLandscapeLeft UIInterfaceOrientationLandscapeRight";
				LD_RUNPATH_SEARCH_PATHS = (
					"$(inherited)",
					"@executable_path/Frameworks",
				);
				MARKETING_VERSION = 1.0;
				PRODUCT_BUNDLE_IDENTIFIER = com.Mr.Ki.Catwiki;
				PRODUCT_NAME = "$(TARGET_NAME)";
				SWIFT_EMIT_LOC_STRINGS = YES;
				SWIFT_VERSION = 5.0;
				TARGETED_DEVICE_FAMILY = "1,2";
			};
			name = Debug;
		};
		0B86BAC3289ABBD800F3009E /* Release */ = {
			isa = XCBuildConfiguration;
			buildSettings = {
				ASSETCATALOG_COMPILER_APPICON_NAME = AppIcon;
				ASSETCATALOG_COMPILER_GLOBAL_ACCENT_COLOR_NAME = AccentColor;
				CODE_SIGN_STYLE = Automatic;
				CURRENT_PROJECT_VERSION = 1;
				DEVELOPMENT_ASSET_PATHS = "\"Catwiki/Preview Content\"";
				DEVELOPMENT_TEAM = 327B2F3V2J;
				ENABLE_PREVIEWS = YES;
				GENERATE_INFOPLIST_FILE = YES;
				INFOPLIST_KEY_UIApplicationSceneManifest_Generation = YES;
				INFOPLIST_KEY_UIApplicationSupportsIndirectInputEvents = YES;
				INFOPLIST_KEY_UILaunchScreen_Generation = YES;
				INFOPLIST_KEY_UISupportedInterfaceOrientations_iPad = "UIInterfaceOrientationPortrait UIInterfaceOrientationPortraitUpsideDown UIInterfaceOrientationLandscapeLeft UIInterfaceOrientationLandscapeRight";
				INFOPLIST_KEY_UISupportedInterfaceOrientations_iPhone = "UIInterfaceOrientationPortrait UIInterfaceOrientationLandscapeLeft UIInterfaceOrientationLandscapeRight";
				LD_RUNPATH_SEARCH_PATHS = (
					"$(inherited)",
					"@executable_path/Frameworks",
				);
				MARKETING_VERSION = 1.0;
				PRODUCT_BUNDLE_IDENTIFIER = com.Mr.Ki.Catwiki;
				PRODUCT_NAME = "$(TARGET_NAME)";
				SWIFT_EMIT_LOC_STRINGS = YES;
				SWIFT_VERSION = 5.0;
				TARGETED_DEVICE_FAMILY = "1,2";
			};
			name = Release;
		};
		0B86BAC5289ABBD800F3009E /* Debug */ = {
			isa = XCBuildConfiguration;
			buildSettings = {
				ALWAYS_EMBED_SWIFT_STANDARD_LIBRARIES = YES;
				BUNDLE_LOADER = "$(TEST_HOST)";
				CODE_SIGN_STYLE = Automatic;
				CURRENT_PROJECT_VERSION = 1;
				DEVELOPMENT_TEAM = 327B2F3V2J;
				GENERATE_INFOPLIST_FILE = YES;
				IPHONEOS_DEPLOYMENT_TARGET = 15.5;
				MARKETING_VERSION = 1.0;
				PRODUCT_BUNDLE_IDENTIFIER = com.Mr.Ki.CatwikiTests;
				PRODUCT_NAME = "$(TARGET_NAME)";
				SWIFT_EMIT_LOC_STRINGS = NO;
				SWIFT_VERSION = 5.0;
				TARGETED_DEVICE_FAMILY = "1,2";
				TEST_HOST = "$(BUILT_PRODUCTS_DIR)/Catwiki.app/Catwiki";
			};
			name = Debug;
		};
		0B86BAC6289ABBD800F3009E /* Release */ = {
			isa = XCBuildConfiguration;
			buildSettings = {
				ALWAYS_EMBED_SWIFT_STANDARD_LIBRARIES = YES;
				BUNDLE_LOADER = "$(TEST_HOST)";
				CODE_SIGN_STYLE = Automatic;
				CURRENT_PROJECT_VERSION = 1;
				DEVELOPMENT_TEAM = 327B2F3V2J;
				GENERATE_INFOPLIST_FILE = YES;
				IPHONEOS_DEPLOYMENT_TARGET = 15.5;
				MARKETING_VERSION = 1.0;
				PRODUCT_BUNDLE_IDENTIFIER = com.Mr.Ki.CatwikiTests;
				PRODUCT_NAME = "$(TARGET_NAME)";
				SWIFT_EMIT_LOC_STRINGS = NO;
				SWIFT_VERSION = 5.0;
				TARGETED_DEVICE_FAMILY = "1,2";
				TEST_HOST = "$(BUILT_PRODUCTS_DIR)/Catwiki.app/Catwiki";
			};
			name = Release;
		};
		0B86BAC8289ABBD800F3009E /* Debug */ = {
			isa = XCBuildConfiguration;
			buildSettings = {
				ALWAYS_EMBED_SWIFT_STANDARD_LIBRARIES = YES;
				CODE_SIGN_STYLE = Automatic;
				CURRENT_PROJECT_VERSION = 1;
				DEVELOPMENT_TEAM = 327B2F3V2J;
				GENERATE_INFOPLIST_FILE = YES;
				MARKETING_VERSION = 1.0;
				PRODUCT_BUNDLE_IDENTIFIER = com.Mr.Ki.CatwikiUITests;
				PRODUCT_NAME = "$(TARGET_NAME)";
				SWIFT_EMIT_LOC_STRINGS = NO;
				SWIFT_VERSION = 5.0;
				TARGETED_DEVICE_FAMILY = "1,2";
				TEST_TARGET_NAME = Catwiki;
			};
			name = Debug;
		};
		0B86BAC9289ABBD800F3009E /* Release */ = {
			isa = XCBuildConfiguration;
			buildSettings = {
				ALWAYS_EMBED_SWIFT_STANDARD_LIBRARIES = YES;
				CODE_SIGN_STYLE = Automatic;
				CURRENT_PROJECT_VERSION = 1;
				DEVELOPMENT_TEAM = 327B2F3V2J;
				GENERATE_INFOPLIST_FILE = YES;
				MARKETING_VERSION = 1.0;
				PRODUCT_BUNDLE_IDENTIFIER = com.Mr.Ki.CatwikiUITests;
				PRODUCT_NAME = "$(TARGET_NAME)";
				SWIFT_EMIT_LOC_STRINGS = NO;
				SWIFT_VERSION = 5.0;
				TARGETED_DEVICE_FAMILY = "1,2";
				TEST_TARGET_NAME = Catwiki;
			};
			name = Release;
		};
/* End XCBuildConfiguration section */

/* Begin XCConfigurationList section */
		0B86BA98289ABBD500F3009E /* Build configuration list for PBXProject "Catwiki" */ = {
			isa = XCConfigurationList;
			buildConfigurations = (
				0B86BABF289ABBD800F3009E /* Debug */,
				0B86BAC0289ABBD800F3009E /* Release */,
			);
			defaultConfigurationIsVisible = 0;
			defaultConfigurationName = Release;
		};
		0B86BAC1289ABBD800F3009E /* Build configuration list for PBXNativeTarget "Catwiki" */ = {
			isa = XCConfigurationList;
			buildConfigurations = (
				0B86BAC2289ABBD800F3009E /* Debug */,
				0B86BAC3289ABBD800F3009E /* Release */,
			);
			defaultConfigurationIsVisible = 0;
			defaultConfigurationName = Release;
		};
		0B86BAC4289ABBD800F3009E /* Build configuration list for PBXNativeTarget "CatwikiTests" */ = {
			isa = XCConfigurationList;
			buildConfigurations = (
				0B86BAC5289ABBD800F3009E /* Debug */,
				0B86BAC6289ABBD800F3009E /* Release */,
			);
			defaultConfigurationIsVisible = 0;
			defaultConfigurationName = Release;
		};
		0B86BAC7289ABBD800F3009E /* Build configuration list for PBXNativeTarget "CatwikiUITests" */ = {
			isa = XCConfigurationList;
			buildConfigurations = (
				0B86BAC8289ABBD800F3009E /* Debug */,
				0B86BAC9289ABBD800F3009E /* Release */,
			);
			defaultConfigurationIsVisible = 0;
			defaultConfigurationName = Release;
		};
/* End XCConfigurationList section */

/* Begin XCVersionGroup section */
		0B86BAFB289D7C5A00F3009E /* Fav.xcdatamodeld */ = {
			isa = XCVersionGroup;
			children = (
				0B86BAFC289D7C5A00F3009E /* Fav.xcdatamodel */,
			);
			currentVersion = 0B86BAFC289D7C5A00F3009E /* Fav.xcdatamodel */;
			path = Fav.xcdatamodeld;
			sourceTree = "<group>";
			versionGroupType = wrapper.xcdatamodel;
		};
/* End XCVersionGroup section */
	};
	rootObject = 0B86BA95289ABBD500F3009E /* Project object */;
}
